
Microsoft Visual Studio Solution File, Format Version 12.00
# Visual Studio 15
VisualStudioVersion = 15.0.28307.421
MinimumVisualStudioVersion = 10.0.40219.1
Project("{FAE04EC0-301F-11D3-BF4B-00C04F79EFBC}") = "TaskTwo", "TaskTwo\TaskTwo.csproj", "{B64B4B13-F68B-4297-80A0-5BBC027C0A65}"
EndProject
Project("{FAE04EC0-301F-11D3-BF4B-00C04F79EFBC}") = "TaskFour", "TaskFour\TaskFour.csproj", "{D9B616EE-9998-431E-8C6C-633C252F04AE}"
EndProject
Project("{FAE04EC0-301F-11D3-BF4B-00C04F79EFBC}") = "TaskOne", "TaskOne\TaskOne.csproj", "{28EBB980-0444-4B3D-BBE0-0C66FF6D5F8C}"
EndProject
Global
	GlobalSection(SolutionConfigurationPlatforms) = preSolution
		Debug|Any CPU = Debug|Any CPU
		Release|Any CPU = Release|Any CPU
	EndGlobalSection
	GlobalSection(ProjectConfigurationPlatforms) = postSolution
		{B64B4B13-F68B-4297-80A0-5BBC027C0A65}.Debug|Any CPU.ActiveCfg = Debug|Any CPU
		{B64B4B13-F68B-4297-80A0-5BBC027C0A65}.Debug|Any CPU.Build.0 = Debug|Any CPU
		{B64B4B13-F68B-4297-80A0-5BBC027C0A65}.Release|Any CPU.ActiveCfg = Release|Any CPU
		{B64B4B13-F68B-4297-80A0-5BBC027C0A65}.Release|Any CPU.Build.0 = Release|Any CPU
		{D9B616EE-9998-431E-8C6C-633C252F04AE}.Debug|Any CPU.ActiveCfg = Debug|Any CPU
		{D9B616EE-9998-431E-8C6C-633C252F04AE}.Debug|Any CPU.Build.0 = Debug|Any CPU
		{D9B616EE-9998-431E-8C6C-633C252F04AE}.Release|Any CPU.ActiveCfg = Release|Any CPU
		{D9B616EE-9998-431E-8C6C-633C252F04AE}.Release|Any CPU.Build.0 = Release|Any CPU
		{28EBB980-0444-4B3D-BBE0-0C66FF6D5F8C}.Debug|Any CPU.ActiveCfg = Debug|Any CPU
		{28EBB980-0444-4B3D-BBE0-0C66FF6D5F8C}.Debug|Any CPU.Build.0 = Debug|Any CPU
		{28EBB980-0444-4B3D-BBE0-0C66FF6D5F8C}.Release|Any CPU.ActiveCfg = Release|Any CPU
		{28EBB980-0444-4B3D-BBE0-0C66FF6D5F8C}.Release|Any CPU.Build.0 = Release|Any CPU
	EndGlobalSection
	GlobalSection(SolutionProperties) = preSolution
		HideSolutionNode = FALSE
	EndGlobalSection
	GlobalSection(ExtensibilityGlobals) = postSolution
		SolutionGuid = {9CA5481C-FA46-4723-BD5D-07508A65908A}
	EndGlobalSection
EndGlobal
