
Microsoft Visual Studio Solution File, Format Version 12.00
# Visual Studio 15
VisualStudioVersion = 15.0.28307.421
MinimumVisualStudioVersion = 10.0.40219.1
Project("{FAE04EC0-301F-11D3-BF4B-00C04F79EFBC}") = "Bunnies", "Bunnies\Bunnies.csproj", "{D848B058-8D90-46C4-A76B-E338B65F12B8}"
EndProject
Project("{FAE04EC0-301F-11D3-BF4B-00C04F79EFBC}") = "Events", "Events\Events.csproj", "{B1F51694-85FC-4255-8446-A8C95E2301F4}"
EndProject
Global
	GlobalSection(SolutionConfigurationPlatforms) = preSolution
		Debug|Any CPU = Debug|Any CPU
		Release|Any CPU = Release|Any CPU
	EndGlobalSection
	GlobalSection(ProjectConfigurationPlatforms) = postSolution
		{D848B058-8D90-46C4-A76B-E338B65F12B8}.Debug|Any CPU.ActiveCfg = Debug|Any CPU
		{D848B058-8D90-46C4-A76B-E338B65F12B8}.Debug|Any CPU.Build.0 = Debug|Any CPU
		{D848B058-8D90-46C4-A76B-E338B65F12B8}.Release|Any CPU.ActiveCfg = Release|Any CPU
		{D848B058-8D90-46C4-A76B-E338B65F12B8}.Release|Any CPU.Build.0 = Release|Any CPU
		{B1F51694-85FC-4255-8446-A8C95E2301F4}.Debug|Any CPU.ActiveCfg = Debug|Any CPU
		{B1F51694-85FC-4255-8446-A8C95E2301F4}.Debug|Any CPU.Build.0 = Debug|Any CPU
		{B1F51694-85FC-4255-8446-A8C95E2301F4}.Release|Any CPU.ActiveCfg = Release|Any CPU
		{B1F51694-85FC-4255-8446-A8C95E2301F4}.Release|Any CPU.Build.0 = Release|Any CPU
	EndGlobalSection
	GlobalSection(SolutionProperties) = preSolution
		HideSolutionNode = FALSE
	EndGlobalSection
	GlobalSection(ExtensibilityGlobals) = postSolution
		SolutionGuid = {6DB00C61-537A-4652-AF95-DB2524E5F948}
	EndGlobalSection
EndGlobal
