
Microsoft Visual Studio Solution File, Format Version 12.00
# Visual Studio 15
VisualStudioVersion = 15.0.28307.421
MinimumVisualStudioVersion = 10.0.40219.1
Project("{FAE04EC0-301F-11D3-BF4B-00C04F79EFBC}") = "TaskOne", "TaskOne\TaskOne.csproj", "{27AAD6DF-B8C6-42DC-9328-40771A8C50BE}"
EndProject
Project("{FAE04EC0-301F-11D3-BF4B-00C04F79EFBC}") = "TaskTwo", "TaskTwo\TaskTwo.csproj", "{F2B6DDB0-4D2C-46D1-A2E2-A85BAEB70A89}"
EndProject
Project("{FAE04EC0-301F-11D3-BF4B-00C04F79EFBC}") = "TaskThree", "TaskThree\TaskThree.csproj", "{E762AE1D-DC36-47B7-BC7C-00121A7A4975}"
EndProject
Project("{FAE04EC0-301F-11D3-BF4B-00C04F79EFBC}") = "TaskFour", "TaskFour\TaskFour.csproj", "{2772DD23-68DB-4CFE-975A-6A85FEFC63AC}"
EndProject
Global
	GlobalSection(SolutionConfigurationPlatforms) = preSolution
		Debug|Any CPU = Debug|Any CPU
		Release|Any CPU = Release|Any CPU
	EndGlobalSection
	GlobalSection(ProjectConfigurationPlatforms) = postSolution
		{27AAD6DF-B8C6-42DC-9328-40771A8C50BE}.Debug|Any CPU.ActiveCfg = Debug|Any CPU
		{27AAD6DF-B8C6-42DC-9328-40771A8C50BE}.Debug|Any CPU.Build.0 = Debug|Any CPU
		{27AAD6DF-B8C6-42DC-9328-40771A8C50BE}.Release|Any CPU.ActiveCfg = Release|Any CPU
		{27AAD6DF-B8C6-42DC-9328-40771A8C50BE}.Release|Any CPU.Build.0 = Release|Any CPU
		{F2B6DDB0-4D2C-46D1-A2E2-A85BAEB70A89}.Debug|Any CPU.ActiveCfg = Debug|Any CPU
		{F2B6DDB0-4D2C-46D1-A2E2-A85BAEB70A89}.Debug|Any CPU.Build.0 = Debug|Any CPU
		{F2B6DDB0-4D2C-46D1-A2E2-A85BAEB70A89}.Release|Any CPU.ActiveCfg = Release|Any CPU
		{F2B6DDB0-4D2C-46D1-A2E2-A85BAEB70A89}.Release|Any CPU.Build.0 = Release|Any CPU
		{E762AE1D-DC36-47B7-BC7C-00121A7A4975}.Debug|Any CPU.ActiveCfg = Debug|Any CPU
		{E762AE1D-DC36-47B7-BC7C-00121A7A4975}.Debug|Any CPU.Build.0 = Debug|Any CPU
		{E762AE1D-DC36-47B7-BC7C-00121A7A4975}.Release|Any CPU.ActiveCfg = Release|Any CPU
		{E762AE1D-DC36-47B7-BC7C-00121A7A4975}.Release|Any CPU.Build.0 = Release|Any CPU
		{2772DD23-68DB-4CFE-975A-6A85FEFC63AC}.Debug|Any CPU.ActiveCfg = Debug|Any CPU
		{2772DD23-68DB-4CFE-975A-6A85FEFC63AC}.Debug|Any CPU.Build.0 = Debug|Any CPU
		{2772DD23-68DB-4CFE-975A-6A85FEFC63AC}.Release|Any CPU.ActiveCfg = Release|Any CPU
		{2772DD23-68DB-4CFE-975A-6A85FEFC63AC}.Release|Any CPU.Build.0 = Release|Any CPU
	EndGlobalSection
	GlobalSection(SolutionProperties) = preSolution
		HideSolutionNode = FALSE
	EndGlobalSection
	GlobalSection(ExtensibilityGlobals) = postSolution
		SolutionGuid = {340C34F0-E395-471E-ABC2-9DE2EB657E4F}
	EndGlobalSection
EndGlobal
